// !$*UTF8*$!
{
	archiveVersion = 1;
	classes = {
	};
	objectVersion = 46;
	objects = {

/* Begin PBXBuildFile section */
		1BDEC9741C0ACD0A00C51712 /* AppDelegate.swift in Sources */ = {isa = PBXBuildFile; fileRef = 1BDEC9731C0ACD0A00C51712 /* AppDelegate.swift */; };
		1BDEC9761C0ACD0A00C51712 /* ViewController.swift in Sources */ = {isa = PBXBuildFile; fileRef = 1BDEC9751C0ACD0A00C51712 /* ViewController.swift */; };
		1BDEC9791C0ACD0A00C51712 /* Main.storyboard in Resources */ = {isa = PBXBuildFile; fileRef = 1BDEC9771C0ACD0A00C51712 /* Main.storyboard */; };
		1BDEC97B1C0ACD0A00C51712 /* Assets.xcassets in Resources */ = {isa = PBXBuildFile; fileRef = 1BDEC97A1C0ACD0A00C51712 /* Assets.xcassets */; };
		1BDEC97E1C0ACD0A00C51712 /* LaunchScreen.storyboard in Resources */ = {isa = PBXBuildFile; fileRef = 1BDEC97C1C0ACD0A00C51712 /* LaunchScreen.storyboard */; };
		1BDEC9891C0ACD0A00C51712 /* TechPodTests.swift in Sources */ = {isa = PBXBuildFile; fileRef = 1BDEC9881C0ACD0A00C51712 /* TechPodTests.swift */; };
		1BDEC9941C0ACD0B00C51712 /* TechPodUITests.swift in Sources */ = {isa = PBXBuildFile; fileRef = 1BDEC9931C0ACD0B00C51712 /* TechPodUITests.swift */; };
		1BDEC9AA1C0AF37C00C51712 /* Bach.jpg in Resources */ = {isa = PBXBuildFile; fileRef = 1BDEC9A31C0AF37C00C51712 /* Bach.jpg */; };
		1BDEC9AB1C0AF37C00C51712 /* Beethoven.jpg in Resources */ = {isa = PBXBuildFile; fileRef = 1BDEC9A41C0AF37C00C51712 /* Beethoven.jpg */; };
		1BDEC9AC1C0AF37C00C51712 /* Pachelbel.jpg in Resources */ = {isa = PBXBuildFile; fileRef = 1BDEC9A51C0AF37C00C51712 /* Pachelbel.jpg */; };
		1BDEC9AD1C0AF37C00C51712 /* aria.mp3 in Resources */ = {isa = PBXBuildFile; fileRef = 1BDEC9A71C0AF37C00C51712 /* aria.mp3 */; };
		1BDEC9AE1C0AF37C00C51712 /* cannon.mp3 in Resources */ = {isa = PBXBuildFile; fileRef = 1BDEC9A81C0AF37C00C51712 /* cannon.mp3 */; };
		1BDEC9AF1C0AF37C00C51712 /* elise.mp3 in Resources */ = {isa = PBXBuildFile; fileRef = 1BDEC9A91C0AF37C00C51712 /* elise.mp3 */; };
		1BDEC9B11C0AF52300C51712 /* AVFoundation.framework in Frameworks */ = {isa = PBXBuildFile; fileRef = 1BDEC9B01C0AF52300C51712 /* AVFoundation.framework */; };
/* End PBXBuildFile section */

/* Begin PBXContainerItemProxy section */
		1BDEC9851C0ACD0A00C51712 /* PBXContainerItemProxy */ = {
			isa = PBXContainerItemProxy;
			containerPortal = 1BDEC9681C0ACD0A00C51712 /* Project object */;
			proxyType = 1;
			remoteGlobalIDString = 1BDEC96F1C0ACD0A00C51712;
			remoteInfo = TechPod;
		};
		1BDEC9901C0ACD0A00C51712 /* PBXContainerItemProxy */ = {
			isa = PBXContainerItemProxy;
			containerPortal = 1BDEC9681C0ACD0A00C51712 /* Project object */;
			proxyType = 1;
			remoteGlobalIDString = 1BDEC96F1C0ACD0A00C51712;
			remoteInfo = TechPod;
		};
/* End PBXContainerItemProxy section */

/* Begin PBXFileReference section */
		1BDEC9701C0ACD0A00C51712 /* TechPod.app */ = {isa = PBXFileReference; explicitFileType = wrapper.application; includeInIndex = 0; path = TechPod.app; sourceTree = BUILT_PRODUCTS_DIR; };
		1BDEC9731C0ACD0A00C51712 /* AppDelegate.swift */ = {isa = PBXFileReference; lastKnownFileType = sourcecode.swift; path = AppDelegate.swift; sourceTree = "<group>"; };
		1BDEC9751C0ACD0A00C51712 /* ViewController.swift */ = {isa = PBXFileReference; lastKnownFileType = sourcecode.swift; path = ViewController.swift; sourceTree = "<group>"; };
		1BDEC9781C0ACD0A00C51712 /* Base */ = {isa = PBXFileReference; lastKnownFileType = file.storyboard; name = Base; path = Base.lproj/Main.storyboard; sourceTree = "<group>"; };
		1BDEC97A1C0ACD0A00C51712 /* Assets.xcassets */ = {isa = PBXFileReference; lastKnownFileType = folder.assetcatalog; path = Assets.xcassets; sourceTree = "<group>"; };
		1BDEC97D1C0ACD0A00C51712 /* Base */ = {isa = PBXFileReference; lastKnownFileType = file.storyboard; name = Base; path = Base.lproj/LaunchScreen.storyboard; sourceTree = "<group>"; };
		1BDEC97F1C0ACD0A00C51712 /* Info.plist */ = {isa = PBXFileReference; lastKnownFileType = text.plist.xml; path = Info.plist; sourceTree = "<group>"; };
		1BDEC9841C0ACD0A00C51712 /* TechPodTests.xctest */ = {isa = PBXFileReference; explicitFileType = wrapper.cfbundle; includeInIndex = 0; path = TechPodTests.xctest; sourceTree = BUILT_PRODUCTS_DIR; };
		1BDEC9881C0ACD0A00C51712 /* TechPodTests.swift */ = {isa = PBXFileReference; lastKnownFileType = sourcecode.swift; path = TechPodTests.swift; sourceTree = "<group>"; };
		1BDEC98A1C0ACD0A00C51712 /* Info.plist */ = {isa = PBXFileReference; lastKnownFileType = text.plist.xml; path = Info.plist; sourceTree = "<group>"; };
		1BDEC98F1C0ACD0A00C51712 /* TechPodUITests.xctest */ = {isa = PBXFileReference; explicitFileType = wrapper.cfbundle; includeInIndex = 0; path = TechPodUITests.xctest; sourceTree = BUILT_PRODUCTS_DIR; };
		1BDEC9931C0ACD0B00C51712 /* TechPodUITests.swift */ = {isa = PBXFileReference; lastKnownFileType = sourcecode.swift; path = TechPodUITests.swift; sourceTree = "<group>"; };
		1BDEC9951C0ACD0B00C51712 /* Info.plist */ = {isa = PBXFileReference; lastKnownFileType = text.plist.xml; path = Info.plist; sourceTree = "<group>"; };
		1BDEC9A31C0AF37C00C51712 /* Bach.jpg */ = {isa = PBXFileReference; lastKnownFileType = image.jpeg; path = Bach.jpg; sourceTree = "<group>"; };
		1BDEC9A41C0AF37C00C51712 /* Beethoven.jpg */ = {isa = PBXFileReference; lastKnownFileType = image.jpeg; path = Beethoven.jpg; sourceTree = "<group>"; };
		1BDEC9A51C0AF37C00C51712 /* Pachelbel.jpg */ = {isa = PBXFileReference; lastKnownFileType = image.jpeg; path = Pachelbel.jpg; sourceTree = "<group>"; };
		1BDEC9A71C0AF37C00C51712 /* aria.mp3 */ = {isa = PBXFileReference; lastKnownFileType = audio.mp3; path = aria.mp3; sourceTree = "<group>"; };
		1BDEC9A81C0AF37C00C51712 /* cannon.mp3 */ = {isa = PBXFileReference; lastKnownFileType = audio.mp3; path = cannon.mp3; sourceTree = "<group>"; };
		1BDEC9A91C0AF37C00C51712 /* elise.mp3 */ = {isa = PBXFileReference; lastKnownFileType = audio.mp3; path = elise.mp3; sourceTree = "<group>"; };
		1BDEC9B01C0AF52300C51712 /* AVFoundation.framework */ = {isa = PBXFileReference; lastKnownFileType = wrapper.framework; name = AVFoundation.framework; path = System/Library/Frameworks/AVFoundation.framework; sourceTree = SDKROOT; };
/* End PBXFileReference section */

/* Begin PBXFrameworksBuildPhase section */
		1BDEC96D1C0ACD0A00C51712 /* Frameworks */ = {
			isa = PBXFrameworksBuildPhase;
			buildActionMask = 2147483647;
			files = (
				1BDEC9B11C0AF52300C51712 /* AVFoundation.framework in Frameworks */,
			);
			runOnlyForDeploymentPostprocessing = 0;
		};
		1BDEC9811C0ACD0A00C51712 /* Frameworks */ = {
			isa = PBXFrameworksBuildPhase;
			buildActionMask = 2147483647;
			files = (
			);
			runOnlyForDeploymentPostprocessing = 0;
		};
		1BDEC98C1C0ACD0A00C51712 /* Frameworks */ = {
			isa = PBXFrameworksBuildPhase;
			buildActionMask = 2147483647;
			files = (
			);
			runOnlyForDeploymentPostprocessing = 0;
		};
/* End PBXFrameworksBuildPhase section */

/* Begin PBXGroup section */
		1BDEC9671C0ACD0A00C51712 = {
			isa = PBXGroup;
			children = (
				1BDEC9B01C0AF52300C51712 /* AVFoundation.framework */,
				1BDEC9721C0ACD0A00C51712 /* TechPod */,
				1BDEC9871C0ACD0A00C51712 /* TechPodTests */,
				1BDEC9921C0ACD0B00C51712 /* TechPodUITests */,
				1BDEC9711C0ACD0A00C51712 /* Products */,
			);
			sourceTree = "<group>";
		};
		1BDEC9711C0ACD0A00C51712 /* Products */ = {
			isa = PBXGroup;
			children = (
				1BDEC9701C0ACD0A00C51712 /* TechPod.app */,
				1BDEC9841C0ACD0A00C51712 /* TechPodTests.xctest */,
				1BDEC98F1C0ACD0A00C51712 /* TechPodUITests.xctest */,
			);
			name = Products;
			sourceTree = "<group>";
		};
		1BDEC9721C0ACD0A00C51712 /* TechPod */ = {
			isa = PBXGroup;
			children = (
				1BDEC9731C0ACD0A00C51712 /* AppDelegate.swift */,
				1BDEC9751C0ACD0A00C51712 /* ViewController.swift */,
				1BDEC9A11C0AF37C00C51712 /* Resources */,
				1BDEC9771C0ACD0A00C51712 /* Main.storyboard */,
				1BDEC97A1C0ACD0A00C51712 /* Assets.xcassets */,
				1BDEC97C1C0ACD0A00C51712 /* LaunchScreen.storyboard */,
				1BDEC97F1C0ACD0A00C51712 /* Info.plist */,
			);
			path = TechPod;
			sourceTree = "<group>";
		};
		1BDEC9871C0ACD0A00C51712 /* TechPodTests */ = {
			isa = PBXGroup;
			children = (
				1BDEC9881C0ACD0A00C51712 /* TechPodTests.swift */,
				1BDEC98A1C0ACD0A00C51712 /* Info.plist */,
			);
			path = TechPodTests;
			sourceTree = "<group>";
		};
		1BDEC9921C0ACD0B00C51712 /* TechPodUITests */ = {
			isa = PBXGroup;
			children = (
				1BDEC9931C0ACD0B00C51712 /* TechPodUITests.swift */,
				1BDEC9951C0ACD0B00C51712 /* Info.plist */,
			);
			path = TechPodUITests;
			sourceTree = "<group>";
		};
		1BDEC9A11C0AF37C00C51712 /* Resources */ = {
			isa = PBXGroup;
			children = (
				1BDEC9A21C0AF37C00C51712 /* Images */,
				1BDEC9A61C0AF37C00C51712 /* Songs */,
			);
			path = Resources;
			sourceTree = "<group>";
		};
		1BDEC9A21C0AF37C00C51712 /* Images */ = {
			isa = PBXGroup;
			children = (
				1BDEC9A31C0AF37C00C51712 /* Bach.jpg */,
				1BDEC9A41C0AF37C00C51712 /* Beethoven.jpg */,
				1BDEC9A51C0AF37C00C51712 /* Pachelbel.jpg */,
			);
			path = Images;
			sourceTree = "<group>";
		};
		1BDEC9A61C0AF37C00C51712 /* Songs */ = {
			isa = PBXGroup;
			children = (
				1BDEC9A71C0AF37C00C51712 /* aria.mp3 */,
				1BDEC9A81C0AF37C00C51712 /* cannon.mp3 */,
				1BDEC9A91C0AF37C00C51712 /* elise.mp3 */,
			);
			path = Songs;
			sourceTree = "<group>";
		};
/* End PBXGroup section */

/* Begin PBXNativeTarget section */
		1BDEC96F1C0ACD0A00C51712 /* TechPod */ = {
			isa = PBXNativeTarget;
			buildConfigurationList = 1BDEC9981C0ACD0B00C51712 /* Build configuration list for PBXNativeTarget "TechPod" */;
			buildPhases = (
				1BDEC96C1C0ACD0A00C51712 /* Sources */,
				1BDEC96D1C0ACD0A00C51712 /* Frameworks */,
				1BDEC96E1C0ACD0A00C51712 /* Resources */,
			);
			buildRules = (
			);
			dependencies = (
			);
			name = TechPod;
			productName = TechPod;
			productReference = 1BDEC9701C0ACD0A00C51712 /* TechPod.app */;
			productType = "com.apple.product-type.application";
		};
		1BDEC9831C0ACD0A00C51712 /* TechPodTests */ = {
			isa = PBXNativeTarget;
			buildConfigurationList = 1BDEC99B1C0ACD0B00C51712 /* Build configuration list for PBXNativeTarget "TechPodTests" */;
			buildPhases = (
				1BDEC9801C0ACD0A00C51712 /* Sources */,
				1BDEC9811C0ACD0A00C51712 /* Frameworks */,
				1BDEC9821C0ACD0A00C51712 /* Resources */,
			);
			buildRules = (
			);
			dependencies = (
				1BDEC9861C0ACD0A00C51712 /* PBXTargetDependency */,
			);
			name = TechPodTests;
			productName = TechPodTests;
			productReference = 1BDEC9841C0ACD0A00C51712 /* TechPodTests.xctest */;
			productType = "com.apple.product-type.bundle.unit-test";
		};
		1BDEC98E1C0ACD0A00C51712 /* TechPodUITests */ = {
			isa = PBXNativeTarget;
			buildConfigurationList = 1BDEC99E1C0ACD0B00C51712 /* Build configuration list for PBXNativeTarget "TechPodUITests" */;
			buildPhases = (
				1BDEC98B1C0ACD0A00C51712 /* Sources */,
				1BDEC98C1C0ACD0A00C51712 /* Frameworks */,
				1BDEC98D1C0ACD0A00C51712 /* Resources */,
			);
			buildRules = (
			);
			dependencies = (
				1BDEC9911C0ACD0A00C51712 /* PBXTargetDependency */,
			);
			name = TechPodUITests;
			productName = TechPodUITests;
			productReference = 1BDEC98F1C0ACD0A00C51712 /* TechPodUITests.xctest */;
			productType = "com.apple.product-type.bundle.ui-testing";
		};
/* End PBXNativeTarget section */

/* Begin PBXProject section */
		1BDEC9681C0ACD0A00C51712 /* Project object */ = {
			isa = PBXProject;
			attributes = {
				LastSwiftUpdateCheck = 0710;
				LastUpgradeCheck = 0710;
				ORGANIZATIONNAME = "岡本　隆誠";
				TargetAttributes = {
					1BDEC96F1C0ACD0A00C51712 = {
						CreatedOnToolsVersion = 7.1;
					};
					1BDEC9831C0ACD0A00C51712 = {
						CreatedOnToolsVersion = 7.1;
						TestTargetID = 1BDEC96F1C0ACD0A00C51712;
					};
					1BDEC98E1C0ACD0A00C51712 = {
						CreatedOnToolsVersion = 7.1;
						TestTargetID = 1BDEC96F1C0ACD0A00C51712;
					};
				};
			};
			buildConfigurationList = 1BDEC96B1C0ACD0A00C51712 /* Build configuration list for PBXProject "TechPod" */;
			compatibilityVersion = "Xcode 3.2";
			developmentRegion = English;
			hasScannedForEncodings = 0;
			knownRegions = (
				en,
				Base,
			);
			mainGroup = 1BDEC9671C0ACD0A00C51712;
			productRefGroup = 1BDEC9711C0ACD0A00C51712 /* Products */;
			projectDirPath = "";
			projectRoot = "";
			targets = (
				1BDEC96F1C0ACD0A00C51712 /* TechPod */,
				1BDEC9831C0ACD0A00C51712 /* TechPodTests */,
				1BDEC98E1C0ACD0A00C51712 /* TechPodUITests */,
			);
		};
/* End PBXProject section */

/* Begin PBXResourcesBuildPhase section */
		1BDEC96E1C0ACD0A00C51712 /* Resources */ = {
			isa = PBXResourcesBuildPhase;
			buildActionMask = 2147483647;
			files = (
				1BDEC9AC1C0AF37C00C51712 /* Pachelbel.jpg in Resources */,
				1BDEC9AB1C0AF37C00C51712 /* Beethoven.jpg in Resources */,
				1BDEC97E1C0ACD0A00C51712 /* LaunchScreen.storyboard in Resources */,
				1BDEC9AA1C0AF37C00C51712 /* Bach.jpg in Resources */,
				1BDEC97B1C0ACD0A00C51712 /* Assets.xcassets in Resources */,
				1BDEC9AF1C0AF37C00C51712 /* elise.mp3 in Resources */,
				1BDEC9AE1C0AF37C00C51712 /* cannon.mp3 in Resources */,
				1BDEC9791C0ACD0A00C51712 /* Main.storyboard in Resources */,
				1BDEC9AD1C0AF37C00C51712 /* aria.mp3 in Resources */,
			);
			runOnlyForDeploymentPostprocessing = 0;
		};
		1BDEC9821C0ACD0A00C51712 /* Resources */ = {
			isa = PBXResourcesBuildPhase;
			buildActionMask = 2147483647;
			files = (
			);
			runOnlyForDeploymentPostprocessing = 0;
		};
		1BDEC98D1C0ACD0A00C51712 /* Resources */ = {
			isa = PBXResourcesBuildPhase;
			buildActionMask = 2147483647;
			files = (
			);
			runOnlyForDeploymentPostprocessing = 0;
		};
/* End PBXResourcesBuildPhase section */

/* Begin PBXSourcesBuildPhase section */
		1BDEC96C1C0ACD0A00C51712 /* Sources */ = {
			isa = PBXSourcesBuildPhase;
			buildActionMask = 2147483647;
			files = (
				1BDEC9761C0ACD0A00C51712 /* ViewController.swift in Sources */,
				1BDEC9741C0ACD0A00C51712 /* AppDelegate.swift in Sources */,
			);
			runOnlyForDeploymentPostprocessing = 0;
		};
		1BDEC9801C0ACD0A00C51712 /* Sources */ = {
			isa = PBXSourcesBuildPhase;
			buildActionMask = 2147483647;
			files = (
				1BDEC9891C0ACD0A00C51712 /* TechPodTests.swift in Sources */,
			);
			runOnlyForDeploymentPostprocessing = 0;
		};
		1BDEC98B1C0ACD0A00C51712 /* Sources */ = {
			isa = PBXSourcesBuildPhase;
			buildActionMask = 2147483647;
			files = (
				1BDEC9941C0ACD0B00C51712 /* TechPodUITests.swift in Sources */,
			);
			runOnlyForDeploymentPostprocessing = 0;
		};
/* End PBXSourcesBuildPhase section */

/* Begin PBXTargetDependency section */
		1BDEC9861C0ACD0A00C51712 /* PBXTargetDependency */ = {
			isa = PBXTargetDependency;
			target = 1BDEC96F1C0ACD0A00C51712 /* TechPod */;
			targetProxy = 1BDEC9851C0ACD0A00C51712 /* PBXContainerItemProxy */;
		};
		1BDEC9911C0ACD0A00C51712 /* PBXTargetDependency */ = {
			isa = PBXTargetDependency;
			target = 1BDEC96F1C0ACD0A00C51712 /* TechPod */;
			targetProxy = 1BDEC9901C0ACD0A00C51712 /* PBXContainerItemProxy */;
		};
/* End PBXTargetDependency section */

/* Begin PBXVariantGroup section */
		1BDEC9771C0ACD0A00C51712 /* Main.storyboard */ = {
			isa = PBXVariantGroup;
			children = (
				1BDEC9781C0ACD0A00C51712 /* Base */,
			);
			name = Main.storyboard;
			sourceTree = "<group>";
		};
		1BDEC97C1C0ACD0A00C51712 /* LaunchScreen.storyboard */ = {
			isa = PBXVariantGroup;
			children = (
				1BDEC97D1C0ACD0A00C51712 /* Base */,
			);
			name = LaunchScreen.storyboard;
			sourceTree = "<group>";
		};
/* End PBXVariantGroup section */

/* Begin XCBuildConfiguration section */
		1BDEC9961C0ACD0B00C51712 /* Debug */ = {
			isa = XCBuildConfiguration;
			buildSettings = {
				ALWAYS_SEARCH_USER_PATHS = NO;
				CLANG_CXX_LANGUAGE_STANDARD = "gnu++0x";
				CLANG_CXX_LIBRARY = "libc++";
				CLANG_ENABLE_MODULES = YES;
				CLANG_ENABLE_OBJC_ARC = YES;
				CLANG_WARN_BOOL_CONVERSION = YES;
				CLANG_WARN_CONSTANT_CONVERSION = YES;
				CLANG_WARN_DIRECT_OBJC_ISA_USAGE = YES_ERROR;
				CLANG_WARN_EMPTY_BODY = YES;
				CLANG_WARN_ENUM_CONVERSION = YES;
				CLANG_WARN_INT_CONVERSION = YES;
				CLANG_WARN_OBJC_ROOT_CLASS = YES_ERROR;
				CLANG_WARN_UNREACHABLE_CODE = YES;
				CLANG_WARN__DUPLICATE_METHOD_MATCH = YES;
				"CODE_SIGN_IDENTITY[sdk=iphoneos*]" = "iPhone Developer";
				COPY_PHASE_STRIP = NO;
				DEBUG_INFORMATION_FORMAT = dwarf;
				ENABLE_STRICT_OBJC_MSGSEND = YES;
				ENABLE_TESTABILITY = YES;
				GCC_C_LANGUAGE_STANDARD = gnu99;
				GCC_DYNAMIC_NO_PIC = NO;
				GCC_NO_COMMON_BLOCKS = YES;
				GCC_OPTIMIZATION_LEVEL = 0;
				GCC_PREPROCESSOR_DEFINITIONS = (
					"DEBUG=1",
					"$(inherited)",
				);
				GCC_WARN_64_TO_32_BIT_CONVERSION = YES;
				GCC_WARN_ABOUT_RETURN_TYPE = YES_ERROR;
				GCC_WARN_UNDECLARED_SELECTOR = YES;
				GCC_WARN_UNINITIALIZED_AUTOS = YES_AGGRESSIVE;
				GCC_WARN_UNUSED_FUNCTION = YES;
				GCC_WARN_UNUSED_VARIABLE = YES;
				IPHONEOS_DEPLOYMENT_TARGET = 9.1;
				MTL_ENABLE_DEBUG_INFO = YES;
				ONLY_ACTIVE_ARCH = YES;
				SDKROOT = iphoneos;
				SWIFT_OPTIMIZATION_LEVEL = "-Onone";
			};
			name = Debug;
		};
		1BDEC9971C0ACD0B00C51712 /* Release */ = {
			isa = XCBuildConfiguration;
			buildSettings = {
				ALWAYS_SEARCH_USER_PATHS = NO;
				CLANG_CXX_LANGUAGE_STANDARD = "gnu++0x";
				CLANG_CXX_LIBRARY = "libc++";
				CLANG_ENABLE_MODULES = YES;
				CLANG_ENABLE_OBJC_ARC = YES;
				CLANG_WARN_BOOL_CONVERSION = YES;
				CLANG_WARN_CONSTANT_CONVERSION = YES;
				CLANG_WARN_DIRECT_OBJC_ISA_USAGE = YES_ERROR;
				CLANG_WARN_EMPTY_BODY = YES;
				CLANG_WARN_ENUM_CONVERSION = YES;
				CLANG_WARN_INT_CONVERSION = YES;
				CLANG_WARN_OBJC_ROOT_CLASS = YES_ERROR;
				CLANG_WARN_UNREACHABLE_CODE = YES;
				CLANG_WARN__DUPLICATE_METHOD_MATCH = YES;
				"CODE_SIGN_IDENTITY[sdk=iphoneos*]" = "iPhone Developer";
				COPY_PHASE_STRIP = NO;
				DEBUG_INFORMATION_FORMAT = "dwarf-with-dsym";
				ENABLE_NS_ASSERTIONS = NO;
				ENABLE_STRICT_OBJC_MSGSEND = YES;
				GCC_C_LANGUAGE_STANDARD = gnu99;
				GCC_NO_COMMON_BLOCKS = YES;
				GCC_WARN_64_TO_32_BIT_CONVERSION = YES;
				GCC_WARN_ABOUT_RETURN_TYPE = YES_ERROR;
				GCC_WARN_UNDECLARED_SELECTOR = YES;
				GCC_WARN_UNINITIALIZED_AUTOS = YES_AGGRESSIVE;
				GCC_WARN_UNUSED_FUNCTION = YES;
				GCC_WARN_UNUSED_VARIABLE = YES;
				IPHONEOS_DEPLOYMENT_TARGET = 9.1;
				MTL_ENABLE_DEBUG_INFO = NO;
				SDKROOT = iphoneos;
				VALIDATE_PRODUCT = YES;
			};
			name = Release;
		};
		1BDEC9991C0ACD0B00C51712 /* Debug */ = {
			isa = XCBuildConfiguration;
			buildSettings = {
				ASSETCATALOG_COMPILER_APPICON_NAME = AppIcon;
				INFOPLIST_FILE = TechPod/Info.plist;
				LD_RUNPATH_SEARCH_PATHS = "$(inherited) @executable_path/Frameworks";
				PRODUCT_BUNDLE_IDENTIFIER = com.litech.TechPod;
				PRODUCT_NAME = "$(TARGET_NAME)";
			};
			name = Debug;
		};
		1BDEC99A1C0ACD0B00C51712 /* Release */ = {
			isa = XCBuildConfiguration;
			buildSettings = {
				ASSETCATALOG_COMPILER_APPICON_NAME = AppIcon;
				INFOPLIST_FILE = TechPod/Info.plist;
				LD_RUNPATH_SEARCH_PATHS = "$(inherited) @executable_path/Frameworks";
				PRODUCT_BUNDLE_IDENTIFIER = com.litech.TechPod;
				PRODUCT_NAME = "$(TARGET_NAME)";
			};
			name = Release;
		};
		1BDEC99C1C0ACD0B00C51712 /* Debug */ = {
			isa = XCBuildConfiguration;
			buildSettings = {
				BUNDLE_LOADER = "$(TEST_HOST)";
				INFOPLIST_FILE = TechPodTests/Info.plist;
				LD_RUNPATH_SEARCH_PATHS = "$(inherited) @executable_path/Frameworks @loader_path/Frameworks";
				PRODUCT_BUNDLE_IDENTIFIER = com.litech.TechPodTests;
				PRODUCT_NAME = "$(TARGET_NAME)";
				TEST_HOST = "$(BUILT_PRODUCTS_DIR)/TechPod.app/TechPod";
			};
			name = Debug;
		};
		1BDEC99D1C0ACD0B00C51712 /* Release */ = {
			isa = XCBuildConfiguration;
			buildSettings = {
				BUNDLE_LOADER = "$(TEST_HOST)";
				INFOPLIST_FILE = TechPodTests/Info.plist;
				LD_RUNPATH_SEARCH_PATHS = "$(inherited) @executable_path/Frameworks @loader_path/Frameworks";
				PRODUCT_BUNDLE_IDENTIFIER = com.litech.TechPodTests;
				PRODUCT_NAME = "$(TARGET_NAME)";
				TEST_HOST = "$(BUILT_PRODUCTS_DIR)/TechPod.app/TechPod";
			};
			name = Release;
		};
		1BDEC99F1C0ACD0B00C51712 /* Debug */ = {
			isa = XCBuildConfiguration;
			buildSettings = {
				INFOPLIST_FILE = TechPodUITests/Info.plist;
				LD_RUNPATH_SEARCH_PATHS = "$(inherited) @executable_path/Frameworks @loader_path/Frameworks";
				PRODUCT_BUNDLE_IDENTIFIER = com.litech.TechPodUITests;
				PRODUCT_NAME = "$(TARGET_NAME)";
				TEST_TARGET_NAME = TechPod;
				USES_XCTRUNNER = YES;
			};
			name = Debug;
		};
		1BDEC9A01C0ACD0B00C51712 /* Release */ = {
			isa = XCBuildConfiguration;
			buildSettings = {
				INFOPLIST_FILE = TechPodUITests/Info.plist;
				LD_RUNPATH_SEARCH_PATHS = "$(inherited) @executable_path/Frameworks @loader_path/Frameworks";
				PRODUCT_BUNDLE_IDENTIFIER = com.litech.TechPodUITests;
				PRODUCT_NAME = "$(TARGET_NAME)";
				TEST_TARGET_NAME = TechPod;
				USES_XCTRUNNER = YES;
			};
			name = Release;
		};
/* End XCBuildConfiguration section */

/* Begin XCConfigurationList section */
		1BDEC96B1C0ACD0A00C51712 /* Build configuration list for PBXProject "TechPod" */ = {
			isa = XCConfigurationList;
			buildConfigurations = (
				1BDEC9961C0ACD0B00C51712 /* Debug */,
				1BDEC9971C0ACD0B00C51712 /* Release */,
			);
			defaultConfigurationIsVisible = 0;
			defaultConfigurationName = Release;
		};
		1BDEC9981C0ACD0B00C51712 /* Build configuration list for PBXNativeTarget "TechPod" */ = {
			isa = XCConfigurationList;
			buildConfigurations = (
				1BDEC9991C0ACD0B00C51712 /* Debug */,
				1BDEC99A1C0ACD0B00C51712 /* Release */,
			);
			defaultConfigurationIsVisible = 0;
			defaultConfigurationName = Release;
		};
		1BDEC99B1C0ACD0B00C51712 /* Build configuration list for PBXNativeTarget "TechPodTests" */ = {
			isa = XCConfigurationList;
			buildConfigurations = (
				1BDEC99C1C0ACD0B00C51712 /* Debug */,
				1BDEC99D1C0ACD0B00C51712 /* Release */,
			);
			defaultConfigurationIsVisible = 0;
			defaultConfigurationName = Release;
		};
		1BDEC99E1C0ACD0B00C51712 /* Build configuration list for PBXNativeTarget "TechPodUITests" */ = {
			isa = XCConfigurationList;
			buildConfigurations = (
				1BDEC99F1C0ACD0B00C51712 /* Debug */,
				1BDEC9A01C0ACD0B00C51712 /* Release */,
			);
			defaultConfigurationIsVisible = 0;
			defaultConfigurationName = Release;
		};
/* End XCConfigurationList section */
	};
	rootObject = 1BDEC9681C0ACD0A00C51712 /* Project object */;
}
